
Microsoft Visual Studio Solution File, Format Version 12.00
Project("{FAE04EC0-301F-11D3-BF4B-00C04F79EFBC}") = "Server", "Server\Server.csproj", "{700581F4-41B8-442F-B25C-917D1595E9C9}"
EndProject
Project("{FAE04EC0-301F-11D3-BF4B-00C04F79EFBC}") = "Client", "Client\Client.csproj", "{F83930D5-58F4-43F4-9E7F-7940376C0B53}"
EndProject
Global
	GlobalSection(SolutionConfigurationPlatforms) = preSolution
		Debug|Any CPU = Debug|Any CPU
		Release|Any CPU = Release|Any CPU
	EndGlobalSection
	GlobalSection(ProjectConfigurationPlatforms) = postSolution
		{700581F4-41B8-442F-B25C-917D1595E9C9}.Debug|Any CPU.ActiveCfg = Debug|Any CPU
		{700581F4-41B8-442F-B25C-917D1595E9C9}.Debug|Any CPU.Build.0 = Debug|Any CPU
		{700581F4-41B8-442F-B25C-917D1595E9C9}.Release|Any CPU.ActiveCfg = Release|Any CPU
		{700581F4-41B8-442F-B25C-917D1595E9C9}.Release|Any CPU.Build.0 = Release|Any CPU
		{F83930D5-58F4-43F4-9E7F-7940376C0B53}.Debug|Any CPU.ActiveCfg = Debug|Any CPU
		{F83930D5-58F4-43F4-9E7F-7940376C0B53}.Debug|Any CPU.Build.0 = Debug|Any CPU
		{F83930D5-58F4-43F4-9E7F-7940376C0B53}.Release|Any CPU.ActiveCfg = Release|Any CPU
		{F83930D5-58F4-43F4-9E7F-7940376C0B53}.Release|Any CPU.Build.0 = Release|Any CPU
	EndGlobalSection
EndGlobal
